
Microsoft Visual Studio Solution File, Format Version 12.00
Project("{FAE04EC0-301F-11D3-BF4B-00C04F79EFBC}") = "Revolt", "Revolt\Revolt.csproj", "{D05D2D46-D4CF-4E56-960E-6BE09777A078}"
EndProject
Global
	GlobalSection(SolutionConfigurationPlatforms) = preSolution
		Debug|Any CPU = Debug|Any CPU
		Release|Any CPU = Release|Any CPU
	EndGlobalSection
	GlobalSection(ProjectConfigurationPlatforms) = postSolution
		{D05D2D46-D4CF-4E56-960E-6BE09777A078}.Debug|Any CPU.ActiveCfg = Debug|Any CPU
		{D05D2D46-D4CF-4E56-960E-6BE09777A078}.Debug|Any CPU.Build.0 = Debug|Any CPU
		{D05D2D46-D4CF-4E56-960E-6BE09777A078}.Release|Any CPU.ActiveCfg = Release|Any CPU
		{D05D2D46-D4CF-4E56-960E-6BE09777A078}.Release|Any CPU.Build.0 = Release|Any CPU
	EndGlobalSection
EndGlobal
